
Microsoft Visual Studio Solution File, Format Version 12.00
# Visual Studio 2012
Project("{FAE04EC0-301F-11D3-BF4B-00C04F79EFBC}") = "SolutionPartA", "SolutionPartA\SolutionPartA.csproj", "{EA021E42-AAA4-4FEC-B467-0FD621188655}"
EndProject
Project("{FAE04EC0-301F-11D3-BF4B-00C04F79EFBC}") = "SolutionPartA.Test", "SolutionPartA.Test\SolutionPartA.Test.csproj", "{1E7A4B71-E969-4C0E-B55C-27FB4B6B8A96}"
EndProject
Global
	GlobalSection(SolutionConfigurationPlatforms) = preSolution
		Debug|Any CPU = Debug|Any CPU
		Release|Any CPU = Release|Any CPU
	EndGlobalSection
	GlobalSection(ProjectConfigurationPlatforms) = postSolution
		{EA021E42-AAA4-4FEC-B467-0FD621188655}.Debug|Any CPU.ActiveCfg = Debug|Any CPU
		{EA021E42-AAA4-4FEC-B467-0FD621188655}.Debug|Any CPU.Build.0 = Debug|Any CPU
		{EA021E42-AAA4-4FEC-B467-0FD621188655}.Release|Any CPU.ActiveCfg = Release|Any CPU
		{EA021E42-AAA4-4FEC-B467-0FD621188655}.Release|Any CPU.Build.0 = Release|Any CPU
		{1E7A4B71-E969-4C0E-B55C-27FB4B6B8A96}.Debug|Any CPU.ActiveCfg = Debug|Any CPU
		{1E7A4B71-E969-4C0E-B55C-27FB4B6B8A96}.Debug|Any CPU.Build.0 = Debug|Any CPU
		{1E7A4B71-E969-4C0E-B55C-27FB4B6B8A96}.Release|Any CPU.ActiveCfg = Release|Any CPU
		{1E7A4B71-E969-4C0E-B55C-27FB4B6B8A96}.Release|Any CPU.Build.0 = Release|Any CPU
	EndGlobalSection
EndGlobal
